// !$*UTF8*$!
{
	archiveVersion = 1;
	classes = {
	};
	objectVersion = 77;
	objects = {

/* Begin PBXBuildFile section */
		5019E6BB2E2FD45800634AC6 /* pip-ext Extension.appex in Embed Foundation Extensions */ = {isa = PBXBuildFile; fileRef = 5019E6BA2E2FD45800634AC6 /* pip-ext Extension.appex */; settings = {ATTRIBUTES = (RemoveHeadersOnCopy, ); }; };
		5019E6C52E2FD45800634AC6 /* pip-ext Extension.appex in Embed Foundation Extensions */ = {isa = PBXBuildFile; fileRef = 5019E6C42E2FD45800634AC6 /* pip-ext Extension.appex */; settings = {ATTRIBUTES = (RemoveHeadersOnCopy, ); }; };
/* End PBXBuildFile section */

/* Begin PBXContainerItemProxy section */
		5019E6BC2E2FD45800634AC6 /* PBXContainerItemProxy */ = {
			isa = PBXContainerItemProxy;
			containerPortal = 5019E6802E2FD45700634AC6 /* Project object */;
			proxyType = 1;
			remoteGlobalIDString = 5019E6B92E2FD45800634AC6;
			remoteInfo = "pip-ext Extension (iOS)";
		};
		5019E6C62E2FD45800634AC6 /* PBXContainerItemProxy */ = {
			isa = PBXContainerItemProxy;
			containerPortal = 5019E6802E2FD45700634AC6 /* Project object */;
			proxyType = 1;
			remoteGlobalIDString = 5019E6C32E2FD45800634AC6;
			remoteInfo = "pip-ext Extension (macOS)";
		};
/* End PBXContainerItemProxy section */

/* Begin PBXCopyFilesBuildPhase section */
		5019E6EE2E2FD45800634AC6 /* Embed Foundation Extensions */ = {
			isa = PBXCopyFilesBuildPhase;
			buildActionMask = 2147483647;
			dstPath = "";
			dstSubfolderSpec = 13;
			files = (
				5019E6BB2E2FD45800634AC6 /* pip-ext Extension.appex in Embed Foundation Extensions */,
			);
			name = "Embed Foundation Extensions";
			runOnlyForDeploymentPostprocessing = 0;
		};
		5019E6F82E2FD45800634AC6 /* Embed Foundation Extensions */ = {
			isa = PBXCopyFilesBuildPhase;
			buildActionMask = 2147483647;
			dstPath = "";
			dstSubfolderSpec = 13;
			files = (
				5019E6C52E2FD45800634AC6 /* pip-ext Extension.appex in Embed Foundation Extensions */,
			);
			name = "Embed Foundation Extensions";
			runOnlyForDeploymentPostprocessing = 0;
		};
/* End PBXCopyFilesBuildPhase section */

/* Begin PBXFileReference section */
		5019E69C2E2FD45800634AC6 /* pip-ext.app */ = {isa = PBXFileReference; explicitFileType = wrapper.application; includeInIndex = 0; path = "pip-ext.app"; sourceTree = BUILT_PRODUCTS_DIR; };
		5019E6AE2E2FD45800634AC6 /* pip-ext.app */ = {isa = PBXFileReference; explicitFileType = wrapper.application; includeInIndex = 0; path = "pip-ext.app"; sourceTree = BUILT_PRODUCTS_DIR; };
		5019E6BA2E2FD45800634AC6 /* pip-ext Extension.appex */ = {isa = PBXFileReference; explicitFileType = "wrapper.app-extension"; includeInIndex = 0; path = "pip-ext Extension.appex"; sourceTree = BUILT_PRODUCTS_DIR; };
		5019E6C42E2FD45800634AC6 /* pip-ext Extension.appex */ = {isa = PBXFileReference; explicitFileType = "wrapper.app-extension"; includeInIndex = 0; path = "pip-ext Extension.appex"; sourceTree = BUILT_PRODUCTS_DIR; };
/* End PBXFileReference section */

/* Begin PBXFileSystemSynchronizedBuildFileExceptionSet section */
		5019E6E92E2FD45800634AC6 /* Exceptions for "Shared (App)" folder in "pip-ext (iOS)" target */ = {
			isa = PBXFileSystemSynchronizedBuildFileExceptionSet;
			membershipExceptions = (
				"/Localized: Resources/Main.html",
				Assets.xcassets,
				Resources/Icon.png,
				Resources/Script.js,
				Resources/Style.css,
				ViewController.swift,
			);
			target = 5019E69B2E2FD45800634AC6 /* pip-ext (iOS) */;
		};
		5019E6ED2E2FD45800634AC6 /* Exceptions for "iOS (Extension)" folder in "pip-ext Extension (iOS)" target */ = {
			isa = PBXFileSystemSynchronizedBuildFileExceptionSet;
			membershipExceptions = (
				Info.plist,
			);
			target = 5019E6B92E2FD45800634AC6 /* pip-ext Extension (iOS) */;
		};
		5019E6F22E2FD45800634AC6 /* Exceptions for "iOS (App)" folder in "pip-ext (iOS)" target */ = {
			isa = PBXFileSystemSynchronizedBuildFileExceptionSet;
			membershipExceptions = (
				Info.plist,
			);
			target = 5019E69B2E2FD45800634AC6 /* pip-ext (iOS) */;
		};
		5019E6F32E2FD45800634AC6 /* Exceptions for "Shared (App)" folder in "pip-ext (macOS)" target */ = {
			isa = PBXFileSystemSynchronizedBuildFileExceptionSet;
			membershipExceptions = (
				"/Localized: Resources/Main.html",
				Assets.xcassets,
				Resources/Icon.png,
				Resources/Script.js,
				Resources/Style.css,
				ViewController.swift,
			);
			target = 5019E6AD2E2FD45800634AC6 /* pip-ext (macOS) */;
		};
		5019E6F72E2FD45800634AC6 /* Exceptions for "macOS (Extension)" folder in "pip-ext Extension (macOS)" target */ = {
			isa = PBXFileSystemSynchronizedBuildFileExceptionSet;
			membershipExceptions = (
				Info.plist,
			);
			target = 5019E6C32E2FD45800634AC6 /* pip-ext Extension (macOS) */;
		};
		5019E6FC2E2FD45800634AC6 /* Exceptions for "Shared (Extension)" folder in "pip-ext Extension (iOS)" target */ = {
			isa = PBXFileSystemSynchronizedBuildFileExceptionSet;
			membershipExceptions = (
				Resources/_locales,
				Resources/background.js,
				Resources/content.js,
				Resources/images,
				Resources/manifest.json,
				Resources/popup.css,
				Resources/popup.html,
				Resources/popup.js,
				SafariWebExtensionHandler.swift,
			);
			target = 5019E6B92E2FD45800634AC6 /* pip-ext Extension (iOS) */;
		};
		5019E6FD2E2FD45800634AC6 /* Exceptions for "Shared (Extension)" folder in "pip-ext Extension (macOS)" target */ = {
			isa = PBXFileSystemSynchronizedBuildFileExceptionSet;
			membershipExceptions = (
				Resources/_locales,
				Resources/background.js,
				Resources/content.js,
				Resources/images,
				Resources/manifest.json,
				Resources/popup.css,
				Resources/popup.html,
				Resources/popup.js,
				SafariWebExtensionHandler.swift,
			);
			target = 5019E6C32E2FD45800634AC6 /* pip-ext Extension (macOS) */;
		};
/* End PBXFileSystemSynchronizedBuildFileExceptionSet section */

/* Begin PBXFileSystemSynchronizedRootGroup section */
		5019E6842E2FD45700634AC6 /* Shared (App) */ = {
			isa = PBXFileSystemSynchronizedRootGroup;
			exceptions = (
				5019E6E92E2FD45800634AC6 /* Exceptions for "Shared (App)" folder in "pip-ext (iOS)" target */,
				5019E6F32E2FD45800634AC6 /* Exceptions for "Shared (App)" folder in "pip-ext (macOS)" target */,
			);
			path = "Shared (App)";
			sourceTree = "<group>";
		};
		5019E68D2E2FD45800634AC6 /* Shared (Extension) */ = {
			isa = PBXFileSystemSynchronizedRootGroup;
			exceptions = (
				5019E6FC2E2FD45800634AC6 /* Exceptions for "Shared (Extension)" folder in "pip-ext Extension (iOS)" target */,
				5019E6FD2E2FD45800634AC6 /* Exceptions for "Shared (Extension)" folder in "pip-ext Extension (macOS)" target */,
			);
			explicitFolders = (
				Resources/_locales,
				Resources/images,
			);
			path = "Shared (Extension)";
			sourceTree = "<group>";
		};
		5019E69E2E2FD45800634AC6 /* iOS (App) */ = {
			isa = PBXFileSystemSynchronizedRootGroup;
			exceptions = (
				5019E6F22E2FD45800634AC6 /* Exceptions for "iOS (App)" folder in "pip-ext (iOS)" target */,
			);
			path = "iOS (App)";
			sourceTree = "<group>";
		};
		5019E6AF2E2FD45800634AC6 /* macOS (App) */ = {
			isa = PBXFileSystemSynchronizedRootGroup;
			path = "macOS (App)";
			sourceTree = "<group>";
		};
		5019E6BE2E2FD45800634AC6 /* iOS (Extension) */ = {
			isa = PBXFileSystemSynchronizedRootGroup;
			exceptions = (
				5019E6ED2E2FD45800634AC6 /* Exceptions for "iOS (Extension)" folder in "pip-ext Extension (iOS)" target */,
			);
			path = "iOS (Extension)";
			sourceTree = "<group>";
		};
		5019E6C82E2FD45800634AC6 /* macOS (Extension) */ = {
			isa = PBXFileSystemSynchronizedRootGroup;
			exceptions = (
				5019E6F72E2FD45800634AC6 /* Exceptions for "macOS (Extension)" folder in "pip-ext Extension (macOS)" target */,
			);
			path = "macOS (Extension)";
			sourceTree = "<group>";
		};
/* End PBXFileSystemSynchronizedRootGroup section */

/* Begin PBXFrameworksBuildPhase section */
		5019E6992E2FD45800634AC6 /* Frameworks */ = {
			isa = PBXFrameworksBuildPhase;
			buildActionMask = 2147483647;
			files = (
			);
			runOnlyForDeploymentPostprocessing = 0;
		};
		5019E6AB2E2FD45800634AC6 /* Frameworks */ = {
			isa = PBXFrameworksBuildPhase;
			buildActionMask = 2147483647;
			files = (
			);
			runOnlyForDeploymentPostprocessing = 0;
		};
		5019E6B72E2FD45800634AC6 /* Frameworks */ = {
			isa = PBXFrameworksBuildPhase;
			buildActionMask = 2147483647;
			files = (
			);
			runOnlyForDeploymentPostprocessing = 0;
		};
		5019E6C12E2FD45800634AC6 /* Frameworks */ = {
			isa = PBXFrameworksBuildPhase;
			buildActionMask = 2147483647;
			files = (
			);
			runOnlyForDeploymentPostprocessing = 0;
		};
/* End PBXFrameworksBuildPhase section */

/* Begin PBXGroup section */
		5019E67F2E2FD45700634AC6 = {
			isa = PBXGroup;
			children = (
				5019E6842E2FD45700634AC6 /* Shared (App) */,
				5019E68D2E2FD45800634AC6 /* Shared (Extension) */,
				5019E69E2E2FD45800634AC6 /* iOS (App) */,
				5019E6AF2E2FD45800634AC6 /* macOS (App) */,
				5019E6BE2E2FD45800634AC6 /* iOS (Extension) */,
				5019E6C82E2FD45800634AC6 /* macOS (Extension) */,
				5019E69D2E2FD45800634AC6 /* Products */,
			);
			sourceTree = "<group>";
		};
		5019E69D2E2FD45800634AC6 /* Products */ = {
			isa = PBXGroup;
			children = (
				5019E69C2E2FD45800634AC6 /* pip-ext.app */,
				5019E6AE2E2FD45800634AC6 /* pip-ext.app */,
				5019E6BA2E2FD45800634AC6 /* pip-ext Extension.appex */,
				5019E6C42E2FD45800634AC6 /* pip-ext Extension.appex */,
			);
			name = Products;
			sourceTree = "<group>";
		};
/* End PBXGroup section */

/* Begin PBXNativeTarget section */
		5019E69B2E2FD45800634AC6 /* pip-ext (iOS) */ = {
			isa = PBXNativeTarget;
			buildConfigurationList = 5019E6EF2E2FD45800634AC6 /* Build configuration list for PBXNativeTarget "pip-ext (iOS)" */;
			buildPhases = (
				5019E6982E2FD45800634AC6 /* Sources */,
				5019E6992E2FD45800634AC6 /* Frameworks */,
				5019E69A2E2FD45800634AC6 /* Resources */,
				5019E6EE2E2FD45800634AC6 /* Embed Foundation Extensions */,
			);
			buildRules = (
			);
			dependencies = (
				5019E6BD2E2FD45800634AC6 /* PBXTargetDependency */,
			);
			fileSystemSynchronizedGroups = (
				5019E69E2E2FD45800634AC6 /* iOS (App) */,
			);
			name = "pip-ext (iOS)";
			packageProductDependencies = (
			);
			productName = "pip-ext (iOS)";
			productReference = 5019E69C2E2FD45800634AC6 /* pip-ext.app */;
			productType = "com.apple.product-type.application";
		};
		5019E6AD2E2FD45800634AC6 /* pip-ext (macOS) */ = {
			isa = PBXNativeTarget;
			buildConfigurationList = 5019E6F92E2FD45800634AC6 /* Build configuration list for PBXNativeTarget "pip-ext (macOS)" */;
			buildPhases = (
				5019E6AA2E2FD45800634AC6 /* Sources */,
				5019E6AB2E2FD45800634AC6 /* Frameworks */,
				5019E6AC2E2FD45800634AC6 /* Resources */,
				5019E6F82E2FD45800634AC6 /* Embed Foundation Extensions */,
			);
			buildRules = (
			);
			dependencies = (
				5019E6C72E2FD45800634AC6 /* PBXTargetDependency */,
			);
			fileSystemSynchronizedGroups = (
				5019E6AF2E2FD45800634AC6 /* macOS (App) */,
			);
			name = "pip-ext (macOS)";
			packageProductDependencies = (
			);
			productName = "pip-ext (macOS)";
			productReference = 5019E6AE2E2FD45800634AC6 /* pip-ext.app */;
			productType = "com.apple.product-type.application";
		};
		5019E6B92E2FD45800634AC6 /* pip-ext Extension (iOS) */ = {
			isa = PBXNativeTarget;
			buildConfigurationList = 5019E6EA2E2FD45800634AC6 /* Build configuration list for PBXNativeTarget "pip-ext Extension (iOS)" */;
			buildPhases = (
				5019E6B62E2FD45800634AC6 /* Sources */,
				5019E6B72E2FD45800634AC6 /* Frameworks */,
				5019E6B82E2FD45800634AC6 /* Resources */,
			);
			buildRules = (
			);
			dependencies = (
			);
			fileSystemSynchronizedGroups = (
				5019E6BE2E2FD45800634AC6 /* iOS (Extension) */,
			);
			name = "pip-ext Extension (iOS)";
			packageProductDependencies = (
			);
			productName = "pip-ext Extension (iOS)";
			productReference = 5019E6BA2E2FD45800634AC6 /* pip-ext Extension.appex */;
			productType = "com.apple.product-type.app-extension";
		};
		5019E6C32E2FD45800634AC6 /* pip-ext Extension (macOS) */ = {
			isa = PBXNativeTarget;
			buildConfigurationList = 5019E6F42E2FD45800634AC6 /* Build configuration list for PBXNativeTarget "pip-ext Extension (macOS)" */;
			buildPhases = (
				5019E6C02E2FD45800634AC6 /* Sources */,
				5019E6C12E2FD45800634AC6 /* Frameworks */,
				5019E6C22E2FD45800634AC6 /* Resources */,
			);
			buildRules = (
			);
			dependencies = (
			);
			fileSystemSynchronizedGroups = (
				5019E6C82E2FD45800634AC6 /* macOS (Extension) */,
			);
			name = "pip-ext Extension (macOS)";
			packageProductDependencies = (
			);
			productName = "pip-ext Extension (macOS)";
			productReference = 5019E6C42E2FD45800634AC6 /* pip-ext Extension.appex */;
			productType = "com.apple.product-type.app-extension";
		};
/* End PBXNativeTarget section */

/* Begin PBXProject section */
		5019E6802E2FD45700634AC6 /* Project object */ = {
			isa = PBXProject;
			attributes = {
				BuildIndependentTargetsInParallel = 1;
				LastSwiftUpdateCheck = 1640;
				LastUpgradeCheck = 1640;
				TargetAttributes = {
					5019E69B2E2FD45800634AC6 = {
						CreatedOnToolsVersion = 16.4;
					};
					5019E6AD2E2FD45800634AC6 = {
						CreatedOnToolsVersion = 16.4;
					};
					5019E6B92E2FD45800634AC6 = {
						CreatedOnToolsVersion = 16.4;
					};
					5019E6C32E2FD45800634AC6 = {
						CreatedOnToolsVersion = 16.4;
					};
				};
			};
			buildConfigurationList = 5019E6832E2FD45700634AC6 /* Build configuration list for PBXProject "pip-ext" */;
			developmentRegion = en;
			hasScannedForEncodings = 0;
			knownRegions = (
				en,
				Base,
			);
			mainGroup = 5019E67F2E2FD45700634AC6;
			minimizedProjectReferenceProxies = 1;
			preferredProjectObjectVersion = 77;
			productRefGroup = 5019E69D2E2FD45800634AC6 /* Products */;
			projectDirPath = "";
			projectRoot = "";
			targets = (
				5019E69B2E2FD45800634AC6 /* pip-ext (iOS) */,
				5019E6AD2E2FD45800634AC6 /* pip-ext (macOS) */,
				5019E6B92E2FD45800634AC6 /* pip-ext Extension (iOS) */,
				5019E6C32E2FD45800634AC6 /* pip-ext Extension (macOS) */,
			);
		};
/* End PBXProject section */

/* Begin PBXResourcesBuildPhase section */
		5019E69A2E2FD45800634AC6 /* Resources */ = {
			isa = PBXResourcesBuildPhase;
			buildActionMask = 2147483647;
			files = (
			);
			runOnlyForDeploymentPostprocessing = 0;
		};
		5019E6AC2E2FD45800634AC6 /* Resources */ = {
			isa = PBXResourcesBuildPhase;
			buildActionMask = 2147483647;
			files = (
			);
			runOnlyForDeploymentPostprocessing = 0;
		};
		5019E6B82E2FD45800634AC6 /* Resources */ = {
			isa = PBXResourcesBuildPhase;
			buildActionMask = 2147483647;
			files = (
			);
			runOnlyForDeploymentPostprocessing = 0;
		};
		5019E6C22E2FD45800634AC6 /* Resources */ = {
			isa = PBXResourcesBuildPhase;
			buildActionMask = 2147483647;
			files = (
			);
			runOnlyForDeploymentPostprocessing = 0;
		};
/* End PBXResourcesBuildPhase section */

/* Begin PBXSourcesBuildPhase section */
		5019E6982E2FD45800634AC6 /* Sources */ = {
			isa = PBXSourcesBuildPhase;
			buildActionMask = 2147483647;
			files = (
			);
			runOnlyForDeploymentPostprocessing = 0;
		};
		5019E6AA2E2FD45800634AC6 /* Sources */ = {
			isa = PBXSourcesBuildPhase;
			buildActionMask = 2147483647;
			files = (
			);
			runOnlyForDeploymentPostprocessing = 0;
		};
		5019E6B62E2FD45800634AC6 /* Sources */ = {
			isa = PBXSourcesBuildPhase;
			buildActionMask = 2147483647;
			files = (
			);
			runOnlyForDeploymentPostprocessing = 0;
		};
		5019E6C02E2FD45800634AC6 /* Sources */ = {
			isa = PBXSourcesBuildPhase;
			buildActionMask = 2147483647;
			files = (
			);
			runOnlyForDeploymentPostprocessing = 0;
		};
/* End PBXSourcesBuildPhase section */

/* Begin PBXTargetDependency section */
		5019E6BD2E2FD45800634AC6 /* PBXTargetDependency */ = {
			isa = PBXTargetDependency;
			target = 5019E6B92E2FD45800634AC6 /* pip-ext Extension (iOS) */;
			targetProxy = 5019E6BC2E2FD45800634AC6 /* PBXContainerItemProxy */;
		};
		5019E6C72E2FD45800634AC6 /* PBXTargetDependency */ = {
			isa = PBXTargetDependency;
			target = 5019E6C32E2FD45800634AC6 /* pip-ext Extension (macOS) */;
			targetProxy = 5019E6C62E2FD45800634AC6 /* PBXContainerItemProxy */;
		};
/* End PBXTargetDependency section */

/* Begin XCBuildConfiguration section */
		5019E6EB2E2FD45800634AC6 /* Debug */ = {
			isa = XCBuildConfiguration;
			buildSettings = {
				CODE_SIGN_STYLE = Automatic;
				CURRENT_PROJECT_VERSION = 1;
				GENERATE_INFOPLIST_FILE = YES;
				INFOPLIST_FILE = "iOS (Extension)/Info.plist";
				INFOPLIST_KEY_CFBundleDisplayName = "pip-ext Extension";
				INFOPLIST_KEY_NSHumanReadableCopyright = "";
				IPHONEOS_DEPLOYMENT_TARGET = 15.0;
				LD_RUNPATH_SEARCH_PATHS = (
					"$(inherited)",
					"@executable_path/Frameworks",
					"@executable_path/../../Frameworks",
				);
				MARKETING_VERSION = 1.0;
				OTHER_LDFLAGS = (
					"-framework",
					SafariServices,
				);
				PRODUCT_BUNDLE_IDENTIFIER = "seafordlab.net.pip-ext.Extension";
				PRODUCT_NAME = "pip-ext Extension";
				SDKROOT = iphoneos;
				SKIP_INSTALL = YES;
				SWIFT_EMIT_LOC_STRINGS = YES;
				SWIFT_VERSION = 5.0;
				TARGETED_DEVICE_FAMILY = "1,2";
			};
			name = Debug;
		};
		5019E6EC2E2FD45800634AC6 /* Release */ = {
			isa = XCBuildConfiguration;
			buildSettings = {
				CODE_SIGN_STYLE = Automatic;
				CURRENT_PROJECT_VERSION = 1;
				GENERATE_INFOPLIST_FILE = YES;
				INFOPLIST_FILE = "iOS (Extension)/Info.plist";
				INFOPLIST_KEY_CFBundleDisplayName = "pip-ext Extension";
				INFOPLIST_KEY_NSHumanReadableCopyright = "";
				IPHONEOS_DEPLOYMENT_TARGET = 15.0;
				LD_RUNPATH_SEARCH_PATHS = (
					"$(inherited)",
					"@executable_path/Frameworks",
					"@executable_path/../../Frameworks",
				);
				MARKETING_VERSION = 1.0;
				OTHER_LDFLAGS = (
					"-framework",
					SafariServices,
				);
				PRODUCT_BUNDLE_IDENTIFIER = "seafordlab.net.pip-ext.Extension";
				PRODUCT_NAME = "pip-ext Extension";
				SDKROOT = iphoneos;
				SKIP_INSTALL = YES;
				SWIFT_EMIT_LOC_STRINGS = YES;
				SWIFT_VERSION = 5.0;
				TARGETED_DEVICE_FAMILY = "1,2";
				VALIDATE_PRODUCT = YES;
			};
			name = Release;
		};
		5019E6F02E2FD45800634AC6 /* Debug */ = {
			isa = XCBuildConfiguration;
			buildSettings = {
				ASSETCATALOG_COMPILER_APPICON_NAME = AppIcon;
				ASSETCATALOG_COMPILER_GLOBAL_ACCENT_COLOR_NAME = AccentColor;
				CODE_SIGN_STYLE = Automatic;
				CURRENT_PROJECT_VERSION = 1;
				GENERATE_INFOPLIST_FILE = YES;
				INFOPLIST_FILE = "iOS (App)/Info.plist";
				INFOPLIST_KEY_CFBundleDisplayName = "pip-ext";
				INFOPLIST_KEY_UIApplicationSupportsIndirectInputEvents = YES;
				INFOPLIST_KEY_UILaunchStoryboardName = LaunchScreen;
				INFOPLIST_KEY_UIMainStoryboardFile = Main;
				INFOPLIST_KEY_UISupportedInterfaceOrientations = "UIInterfaceOrientationPortrait UIInterfaceOrientationLandscapeLeft UIInterfaceOrientationLandscapeRight";
				INFOPLIST_KEY_UISupportedInterfaceOrientations_iPad = "UIInterfaceOrientationPortrait UIInterfaceOrientationPortraitUpsideDown UIInterfaceOrientationLandscapeLeft UIInterfaceOrientationLandscapeRight";
				IPHONEOS_DEPLOYMENT_TARGET = 15.0;
				LD_RUNPATH_SEARCH_PATHS = (
					"$(inherited)",
					"@executable_path/Frameworks",
				);
				MARKETING_VERSION = 1.0;
				OTHER_LDFLAGS = (
					"-framework",
					SafariServices,
					"-framework",
					WebKit,
				);
				PRODUCT_BUNDLE_IDENTIFIER = "seafordlab.net.pip-ext";
				PRODUCT_NAME = "pip-ext";
				SDKROOT = iphoneos;
				SWIFT_EMIT_LOC_STRINGS = YES;
				SWIFT_VERSION = 5.0;
				TARGETED_DEVICE_FAMILY = "1,2";
			};
			name = Debug;
		};
		5019E6F12E2FD45800634AC6 /* Release */ = {
			isa = XCBuildConfiguration;
			buildSettings = {
				ASSETCATALOG_COMPILER_APPICON_NAME = AppIcon;
				ASSETCATALOG_COMPILER_GLOBAL_ACCENT_COLOR_NAME = AccentColor;
				CODE_SIGN_STYLE = Automatic;
				CURRENT_PROJECT_VERSION = 1;
				GENERATE_INFOPLIST_FILE = YES;
				INFOPLIST_FILE = "iOS (App)/Info.plist";
				INFOPLIST_KEY_CFBundleDisplayName = "pip-ext";
				INFOPLIST_KEY_UIApplicationSupportsIndirectInputEvents = YES;
				INFOPLIST_KEY_UILaunchStoryboardName = LaunchScreen;
				INFOPLIST_KEY_UIMainStoryboardFile = Main;
				INFOPLIST_KEY_UISupportedInterfaceOrientations = "UIInterfaceOrientationPortrait UIInterfaceOrientationLandscapeLeft UIInterfaceOrientationLandscapeRight";
				INFOPLIST_KEY_UISupportedInterfaceOrientations_iPad = "UIInterfaceOrientationPortrait UIInterfaceOrientationPortraitUpsideDown UIInterfaceOrientationLandscapeLeft UIInterfaceOrientationLandscapeRight";
				IPHONEOS_DEPLOYMENT_TARGET = 15.0;
				LD_RUNPATH_SEARCH_PATHS = (
					"$(inherited)",
					"@executable_path/Frameworks",
				);
				MARKETING_VERSION = 1.0;
				OTHER_LDFLAGS = (
					"-framework",
					SafariServices,
					"-framework",
					WebKit,
				);
				PRODUCT_BUNDLE_IDENTIFIER = "seafordlab.net.pip-ext";
				PRODUCT_NAME = "pip-ext";
				SDKROOT = iphoneos;
				SWIFT_EMIT_LOC_STRINGS = YES;
				SWIFT_VERSION = 5.0;
				TARGETED_DEVICE_FAMILY = "1,2";
				VALIDATE_PRODUCT = YES;
			};
			name = Release;
		};
		5019E6F52E2FD45800634AC6 /* Debug */ = {
			isa = XCBuildConfiguration;
			buildSettings = {
				CODE_SIGN_ENTITLEMENTS = "macOS (Extension)/pip-ext.entitlements";
				CODE_SIGN_STYLE = Automatic;
				CURRENT_PROJECT_VERSION = 1;
				ENABLE_HARDENED_RUNTIME = YES;
				GENERATE_INFOPLIST_FILE = YES;
				INFOPLIST_FILE = "macOS (Extension)/Info.plist";
				INFOPLIST_KEY_CFBundleDisplayName = "pip-ext Extension";
				INFOPLIST_KEY_NSHumanReadableCopyright = "";
				LD_RUNPATH_SEARCH_PATHS = (
					"$(inherited)",
					"@executable_path/../Frameworks",
					"@executable_path/../../../../Frameworks",
				);
				MACOSX_DEPLOYMENT_TARGET = 10.14;
				MARKETING_VERSION = 1.0;
				OTHER_LDFLAGS = (
					"-framework",
					SafariServices,
				);
				PRODUCT_BUNDLE_IDENTIFIER = "seafordlab.net.pip-ext.Extension";
				PRODUCT_NAME = "pip-ext Extension";
				SDKROOT = macosx;
				SKIP_INSTALL = YES;
				SWIFT_EMIT_LOC_STRINGS = YES;
				SWIFT_VERSION = 5.0;
			};
			name = Debug;
		};
		5019E6F62E2FD45800634AC6 /* Release */ = {
			isa = XCBuildConfiguration;
			buildSettings = {
				CODE_SIGN_ENTITLEMENTS = "macOS (Extension)/pip-ext.entitlements";
				CODE_SIGN_STYLE = Automatic;
				CURRENT_PROJECT_VERSION = 1;
				ENABLE_HARDENED_RUNTIME = YES;
				GENERATE_INFOPLIST_FILE = YES;
				INFOPLIST_FILE = "macOS (Extension)/Info.plist";
				INFOPLIST_KEY_CFBundleDisplayName = "pip-ext Extension";
				INFOPLIST_KEY_NSHumanReadableCopyright = "";
				LD_RUNPATH_SEARCH_PATHS = (
					"$(inherited)",
					"@executable_path/../Frameworks",
					"@executable_path/../../../../Frameworks",
				);
				MACOSX_DEPLOYMENT_TARGET = 10.14;
				MARKETING_VERSION = 1.0;
				OTHER_LDFLAGS = (
					"-framework",
					SafariServices,
				);
				PRODUCT_BUNDLE_IDENTIFIER = "seafordlab.net.pip-ext.Extension";
				PRODUCT_NAME = "pip-ext Extension";
				SDKROOT = macosx;
				SKIP_INSTALL = YES;
				SWIFT_EMIT_LOC_STRINGS = YES;
				SWIFT_VERSION = 5.0;
			};
			name = Release;
		};
		5019E6FA2E2FD45800634AC6 /* Debug */ = {
			isa = XCBuildConfiguration;
			buildSettings = {
				ASSETCATALOG_COMPILER_APPICON_NAME = AppIcon;
				ASSETCATALOG_COMPILER_GLOBAL_ACCENT_COLOR_NAME = AccentColor;
				CODE_SIGN_ENTITLEMENTS = "macOS (App)/pip-ext.entitlements";
				CODE_SIGN_STYLE = Automatic;
				CURRENT_PROJECT_VERSION = 1;
				ENABLE_HARDENED_RUNTIME = YES;
				GENERATE_INFOPLIST_FILE = YES;
				INFOPLIST_KEY_CFBundleDisplayName = "pip-ext";
				INFOPLIST_KEY_NSMainStoryboardFile = Main;
				INFOPLIST_KEY_NSPrincipalClass = NSApplication;
				LD_RUNPATH_SEARCH_PATHS = (
					"$(inherited)",
					"@executable_path/../Frameworks",
				);
				MACOSX_DEPLOYMENT_TARGET = 10.14;
				MARKETING_VERSION = 1.0;
				OTHER_LDFLAGS = (
					"-framework",
					SafariServices,
					"-framework",
					WebKit,
				);
				PRODUCT_BUNDLE_IDENTIFIER = "seafordlab.net.pip-ext";
				PRODUCT_NAME = "pip-ext";
				REGISTER_APP_GROUPS = YES;
				SDKROOT = macosx;
				SWIFT_EMIT_LOC_STRINGS = YES;
				SWIFT_VERSION = 5.0;
			};
			name = Debug;
		};
		5019E6FB2E2FD45800634AC6 /* Release */ = {
			isa = XCBuildConfiguration;
			buildSettings = {
				ASSETCATALOG_COMPILER_APPICON_NAME = AppIcon;
				ASSETCATALOG_COMPILER_GLOBAL_ACCENT_COLOR_NAME = AccentColor;
				CODE_SIGN_ENTITLEMENTS = "macOS (App)/pip-ext.entitlements";
				CODE_SIGN_STYLE = Automatic;
				CURRENT_PROJECT_VERSION = 1;
				ENABLE_HARDENED_RUNTIME = YES;
				GENERATE_INFOPLIST_FILE = YES;
				INFOPLIST_KEY_CFBundleDisplayName = "pip-ext";
				INFOPLIST_KEY_NSMainStoryboardFile = Main;
				INFOPLIST_KEY_NSPrincipalClass = NSApplication;
				LD_RUNPATH_SEARCH_PATHS = (
					"$(inherited)",
					"@executable_path/../Frameworks",
				);
				MACOSX_DEPLOYMENT_TARGET = 10.14;
				MARKETING_VERSION = 1.0;
				OTHER_LDFLAGS = (
					"-framework",
					SafariServices,
					"-framework",
					WebKit,
				);
				PRODUCT_BUNDLE_IDENTIFIER = "seafordlab.net.pip-ext";
				PRODUCT_NAME = "pip-ext";
				REGISTER_APP_GROUPS = YES;
				SDKROOT = macosx;
				SWIFT_EMIT_LOC_STRINGS = YES;
				SWIFT_VERSION = 5.0;
			};
			name = Release;
		};
		5019E6FE2E2FD45800634AC6 /* Debug */ = {
			isa = XCBuildConfiguration;
			buildSettings = {
				ALWAYS_SEARCH_USER_PATHS = NO;
				ASSETCATALOG_COMPILER_GENERATE_SWIFT_ASSET_SYMBOL_EXTENSIONS = YES;
				CLANG_ANALYZER_NONNULL = YES;
				CLANG_ANALYZER_NUMBER_OBJECT_CONVERSION = YES_AGGRESSIVE;
				CLANG_CXX_LANGUAGE_STANDARD = "gnu++20";
				CLANG_ENABLE_MODULES = YES;
				CLANG_ENABLE_OBJC_ARC = YES;
				CLANG_ENABLE_OBJC_WEAK = YES;
				CLANG_WARN_BLOCK_CAPTURE_AUTORELEASING = YES;
				CLANG_WARN_BOOL_CONVERSION = YES;
				CLANG_WARN_COMMA = YES;
				CLANG_WARN_CONSTANT_CONVERSION = YES;
				CLANG_WARN_DEPRECATED_OBJC_IMPLEMENTATIONS = YES;
				CLANG_WARN_DIRECT_OBJC_ISA_USAGE = YES_ERROR;
				CLANG_WARN_DOCUMENTATION_COMMENTS = YES;
				CLANG_WARN_EMPTY_BODY = YES;
				CLANG_WARN_ENUM_CONVERSION = YES;
				CLANG_WARN_INFINITE_RECURSION = YES;
				CLANG_WARN_INT_CONVERSION = YES;
				CLANG_WARN_NON_LITERAL_NULL_CONVERSION = YES;
				CLANG_WARN_OBJC_IMPLICIT_RETAIN_SELF = YES;
				CLANG_WARN_OBJC_LITERAL_CONVERSION = YES;
				CLANG_WARN_OBJC_ROOT_CLASS = YES_ERROR;
				CLANG_WARN_QUOTED_INCLUDE_IN_FRAMEWORK_HEADER = YES;
				CLANG_WARN_RANGE_LOOP_ANALYSIS = YES;
				CLANG_WARN_STRICT_PROTOTYPES = YES;
				CLANG_WARN_SUSPICIOUS_MOVE = YES;
				CLANG_WARN_UNGUARDED_AVAILABILITY = YES_AGGRESSIVE;
				CLANG_WARN_UNREACHABLE_CODE = YES;
				CLANG_WARN__DUPLICATE_METHOD_MATCH = YES;
				COPY_PHASE_STRIP = NO;
				DEBUG_INFORMATION_FORMAT = dwarf;
				ENABLE_STRICT_OBJC_MSGSEND = YES;
				ENABLE_TESTABILITY = YES;
				ENABLE_USER_SCRIPT_SANDBOXING = YES;
				GCC_C_LANGUAGE_STANDARD = gnu17;
				GCC_DYNAMIC_NO_PIC = NO;
				GCC_NO_COMMON_BLOCKS = YES;
				GCC_OPTIMIZATION_LEVEL = 0;
				GCC_PREPROCESSOR_DEFINITIONS = (
					"DEBUG=1",
					"$(inherited)",
				);
				GCC_WARN_64_TO_32_BIT_CONVERSION = YES;
				GCC_WARN_ABOUT_RETURN_TYPE = YES_ERROR;
				GCC_WARN_UNDECLARED_SELECTOR = YES;
				GCC_WARN_UNINITIALIZED_AUTOS = YES_AGGRESSIVE;
				GCC_WARN_UNUSED_FUNCTION = YES;
				GCC_WARN_UNUSED_VARIABLE = YES;
				LOCALIZATION_PREFERS_STRING_CATALOGS = YES;
				MTL_ENABLE_DEBUG_INFO = INCLUDE_SOURCE;
				MTL_FAST_MATH = YES;
				ONLY_ACTIVE_ARCH = YES;
				SWIFT_ACTIVE_COMPILATION_CONDITIONS = "DEBUG $(inherited)";
				SWIFT_OPTIMIZATION_LEVEL = "-Onone";
			};
			name = Debug;
		};
		5019E6FF2E2FD45800634AC6 /* Release */ = {
			isa = XCBuildConfiguration;
			buildSettings = {
				ALWAYS_SEARCH_USER_PATHS = NO;
				ASSETCATALOG_COMPILER_GENERATE_SWIFT_ASSET_SYMBOL_EXTENSIONS = YES;
				CLANG_ANALYZER_NONNULL = YES;
				CLANG_ANALYZER_NUMBER_OBJECT_CONVERSION = YES_AGGRESSIVE;
				CLANG_CXX_LANGUAGE_STANDARD = "gnu++20";
				CLANG_ENABLE_MODULES = YES;
				CLANG_ENABLE_OBJC_ARC = YES;
				CLANG_ENABLE_OBJC_WEAK = YES;
				CLANG_WARN_BLOCK_CAPTURE_AUTORELEASING = YES;
				CLANG_WARN_BOOL_CONVERSION = YES;
				CLANG_WARN_COMMA = YES;
				CLANG_WARN_CONSTANT_CONVERSION = YES;
				CLANG_WARN_DEPRECATED_OBJC_IMPLEMENTATIONS = YES;
				CLANG_WARN_DIRECT_OBJC_ISA_USAGE = YES_ERROR;
				CLANG_WARN_DOCUMENTATION_COMMENTS = YES;
				CLANG_WARN_EMPTY_BODY = YES;
				CLANG_WARN_ENUM_CONVERSION = YES;
				CLANG_WARN_INFINITE_RECURSION = YES;
				CLANG_WARN_INT_CONVERSION = YES;
				CLANG_WARN_NON_LITERAL_NULL_CONVERSION = YES;
				CLANG_WARN_OBJC_IMPLICIT_RETAIN_SELF = YES;
				CLANG_WARN_OBJC_LITERAL_CONVERSION = YES;
				CLANG_WARN_OBJC_ROOT_CLASS = YES_ERROR;
				CLANG_WARN_QUOTED_INCLUDE_IN_FRAMEWORK_HEADER = YES;
				CLANG_WARN_RANGE_LOOP_ANALYSIS = YES;
				CLANG_WARN_STRICT_PROTOTYPES = YES;
				CLANG_WARN_SUSPICIOUS_MOVE = YES;
				CLANG_WARN_UNGUARDED_AVAILABILITY = YES_AGGRESSIVE;
				CLANG_WARN_UNREACHABLE_CODE = YES;
				CLANG_WARN__DUPLICATE_METHOD_MATCH = YES;
				COPY_PHASE_STRIP = NO;
				DEBUG_INFORMATION_FORMAT = "dwarf-with-dsym";
				ENABLE_NS_ASSERTIONS = NO;
				ENABLE_STRICT_OBJC_MSGSEND = YES;
				ENABLE_USER_SCRIPT_SANDBOXING = YES;
				GCC_C_LANGUAGE_STANDARD = gnu17;
				GCC_NO_COMMON_BLOCKS = YES;
				GCC_WARN_64_TO_32_BIT_CONVERSION = YES;
				GCC_WARN_ABOUT_RETURN_TYPE = YES_ERROR;
				GCC_WARN_UNDECLARED_SELECTOR = YES;
				GCC_WARN_UNINITIALIZED_AUTOS = YES_AGGRESSIVE;
				GCC_WARN_UNUSED_FUNCTION = YES;
				GCC_WARN_UNUSED_VARIABLE = YES;
				LOCALIZATION_PREFERS_STRING_CATALOGS = YES;
				MTL_ENABLE_DEBUG_INFO = NO;
				MTL_FAST_MATH = YES;
				SWIFT_COMPILATION_MODE = wholemodule;
			};
			name = Release;
		};
/* End XCBuildConfiguration section */

/* Begin XCConfigurationList section */
		5019E6832E2FD45700634AC6 /* Build configuration list for PBXProject "pip-ext" */ = {
			isa = XCConfigurationList;
			buildConfigurations = (
				5019E6FE2E2FD45800634AC6 /* Debug */,
				5019E6FF2E2FD45800634AC6 /* Release */,
			);
			defaultConfigurationIsVisible = 0;
			defaultConfigurationName = Release;
		};
		5019E6EA2E2FD45800634AC6 /* Build configuration list for PBXNativeTarget "pip-ext Extension (iOS)" */ = {
			isa = XCConfigurationList;
			buildConfigurations = (
				5019E6EB2E2FD45800634AC6 /* Debug */,
				5019E6EC2E2FD45800634AC6 /* Release */,
			);
			defaultConfigurationIsVisible = 0;
			defaultConfigurationName = Release;
		};
		5019E6EF2E2FD45800634AC6 /* Build configuration list for PBXNativeTarget "pip-ext (iOS)" */ = {
			isa = XCConfigurationList;
			buildConfigurations = (
				5019E6F02E2FD45800634AC6 /* Debug */,
				5019E6F12E2FD45800634AC6 /* Release */,
			);
			defaultConfigurationIsVisible = 0;
			defaultConfigurationName = Release;
		};
		5019E6F42E2FD45800634AC6 /* Build configuration list for PBXNativeTarget "pip-ext Extension (macOS)" */ = {
			isa = XCConfigurationList;
			buildConfigurations = (
				5019E6F52E2FD45800634AC6 /* Debug */,
				5019E6F62E2FD45800634AC6 /* Release */,
			);
			defaultConfigurationIsVisible = 0;
			defaultConfigurationName = Release;
		};
		5019E6F92E2FD45800634AC6 /* Build configuration list for PBXNativeTarget "pip-ext (macOS)" */ = {
			isa = XCConfigurationList;
			buildConfigurations = (
				5019E6FA2E2FD45800634AC6 /* Debug */,
				5019E6FB2E2FD45800634AC6 /* Release */,
			);
			defaultConfigurationIsVisible = 0;
			defaultConfigurationName = Release;
		};
/* End XCConfigurationList section */
	};
	rootObject = 5019E6802E2FD45700634AC6 /* Project object */;
}
